
Microsoft Visual Studio Solution File, Format Version 12.00
# Visual Studio 14
VisualStudioVersion = 14.0.23107.0
MinimumVisualStudioVersion = 10.0.40219.1
Project("{2150E333-8FDC-42A3-9474-1A3956D46DE8}") = "src", "src", "{9F656680-710F-40AE-A4F2-4BDD72D3F624}"
EndProject
Project("{2150E333-8FDC-42A3-9474-1A3956D46DE8}") = "Solution Items", "Solution Items", "{3FF3DCA0-AD67-4CE7-B391-3F4F4D398B38}"
	ProjectSection(SolutionItems) = preProject
		global.json = global.json
	EndProjectSection
EndProject
Project("{8BB2217D-0F2D-49D1-97BC-3654ED321F3B}") = "SillyGeo", "src\SillyGeo\SillyGeo.xproj", "{FEE6E1B8-6E69-4363-9851-DA3ACB853A5D}"
EndProject
Project("{8BB2217D-0F2D-49D1-97BC-3654ED321F3B}") = "SillyGeo.Data", "src\SillyGeo.Data\SillyGeo.Data.xproj", "{749BEDA7-FB5C-42FA-A8CF-79B6CE8AD017}"
EndProject
Project("{8BB2217D-0F2D-49D1-97BC-3654ED321F3B}") = "SillyGeo.ConsoleDemo", "src\SillyGeo.ConsoleDemo\SillyGeo.ConsoleDemo.xproj", "{882BF6B5-7799-49C9-902C-909DF8C7C7BE}"
EndProject
Project("{8BB2217D-0F2D-49D1-97BC-3654ED321F3B}") = "SillyGeo.Tests", "src\SillyGeo.Tests\SillyGeo.Tests.xproj", "{F3438F97-6380-49EC-A000-664AD911BCAF}"
EndProject
Global
	GlobalSection(SolutionConfigurationPlatforms) = preSolution
		Debug|Any CPU = Debug|Any CPU
		Release|Any CPU = Release|Any CPU
	EndGlobalSection
	GlobalSection(ProjectConfigurationPlatforms) = postSolution
		{FEE6E1B8-6E69-4363-9851-DA3ACB853A5D}.Debug|Any CPU.ActiveCfg = Debug|Any CPU
		{FEE6E1B8-6E69-4363-9851-DA3ACB853A5D}.Debug|Any CPU.Build.0 = Debug|Any CPU
		{FEE6E1B8-6E69-4363-9851-DA3ACB853A5D}.Release|Any CPU.ActiveCfg = Release|Any CPU
		{FEE6E1B8-6E69-4363-9851-DA3ACB853A5D}.Release|Any CPU.Build.0 = Release|Any CPU
		{749BEDA7-FB5C-42FA-A8CF-79B6CE8AD017}.Debug|Any CPU.ActiveCfg = Debug|Any CPU
		{749BEDA7-FB5C-42FA-A8CF-79B6CE8AD017}.Debug|Any CPU.Build.0 = Debug|Any CPU
		{749BEDA7-FB5C-42FA-A8CF-79B6CE8AD017}.Release|Any CPU.ActiveCfg = Release|Any CPU
		{749BEDA7-FB5C-42FA-A8CF-79B6CE8AD017}.Release|Any CPU.Build.0 = Release|Any CPU
		{882BF6B5-7799-49C9-902C-909DF8C7C7BE}.Debug|Any CPU.ActiveCfg = Debug|Any CPU
		{882BF6B5-7799-49C9-902C-909DF8C7C7BE}.Debug|Any CPU.Build.0 = Debug|Any CPU
		{882BF6B5-7799-49C9-902C-909DF8C7C7BE}.Release|Any CPU.ActiveCfg = Release|Any CPU
		{882BF6B5-7799-49C9-902C-909DF8C7C7BE}.Release|Any CPU.Build.0 = Release|Any CPU
		{F3438F97-6380-49EC-A000-664AD911BCAF}.Debug|Any CPU.ActiveCfg = Debug|Any CPU
		{F3438F97-6380-49EC-A000-664AD911BCAF}.Debug|Any CPU.Build.0 = Debug|Any CPU
		{F3438F97-6380-49EC-A000-664AD911BCAF}.Release|Any CPU.ActiveCfg = Release|Any CPU
		{F3438F97-6380-49EC-A000-664AD911BCAF}.Release|Any CPU.Build.0 = Release|Any CPU
	EndGlobalSection
	GlobalSection(SolutionProperties) = preSolution
		HideSolutionNode = FALSE
	EndGlobalSection
	GlobalSection(NestedProjects) = preSolution
		{FEE6E1B8-6E69-4363-9851-DA3ACB853A5D} = {9F656680-710F-40AE-A4F2-4BDD72D3F624}
		{749BEDA7-FB5C-42FA-A8CF-79B6CE8AD017} = {9F656680-710F-40AE-A4F2-4BDD72D3F624}
		{882BF6B5-7799-49C9-902C-909DF8C7C7BE} = {9F656680-710F-40AE-A4F2-4BDD72D3F624}
		{F3438F97-6380-49EC-A000-664AD911BCAF} = {9F656680-710F-40AE-A4F2-4BDD72D3F624}
	EndGlobalSection
EndGlobal
